{
  "version": 4,
  "terraform_version": "1.3.1",
  "serial": 19,
  "lineage": "1daba05f-5641-36f8-3b71-9afeecedf741",
  "outputs": {},
  "resources": [
    {
      "mode": "managed",
      "type": "aws_vpc",
      "name": "vpc_cand1",
      "provider": "provider[\"registry.terraform.io/hashicorp/aws\"]",
      "instances": [
        {
          "schema_version": 1,
          "attributes": {
            "arn": "arn:aws:ec2:us-east-1:135706204934:vpc/vpc-06935500862f2a5c4",
            "assign_generated_ipv6_cidr_block": false,
            "cidr_block": "172.27.0.0/16",
            "default_network_acl_id": "acl-06d348ebe78957b14",
            "default_route_table_id": "rtb-060306c9cc23c34cd",
            "default_security_group_id": "sg-0aacb83e08994882a",
            "dhcp_options_id": "dopt-08cae56d16aa787b5",
            "enable_classiclink": false,
            "enable_classiclink_dns_support": false,
            "enable_dns_hostnames": false,
            "enable_dns_support": true,
            "enable_network_address_usage_metrics": false,
            "id": "vpc-06935500862f2a5c4",
            "instance_tenancy": "default",
            "ipv4_ipam_pool_id": null,
            "ipv4_netmask_length": null,
            "ipv6_association_id": "",
            "ipv6_cidr_block": "",
            "ipv6_cidr_block_network_border_group": "",
            "ipv6_ipam_pool_id": "",
            "ipv6_netmask_length": 0,
            "main_route_table_id": "rtb-060306c9cc23c34cd",
            "owner_id": "135706204934",
            "tags": {
              "Name": "vpc_ingnoh"
            },
            "tags_all": {
              "Name": "vpc_ingnoh"
            }
          },
          "sensitive_attributes": [],
          "private": "eyJzY2hlbWFfdmVyc2lvbiI6IjEifQ=="
        }
      ]
    }
  ],
  "check_results": null
}
